// !$*UTF8*$!
{
	archiveVersion = 1;
	classes = {
	};
	objectVersion = 60;
	objects = {

/* Begin PBXAggregateTarget section */
		AA66666666666666666666AD /* BurmeseIMEInstaller */ = {
			isa = PBXAggregateTarget;
			buildConfigurationList = AA99999999999999999999AD /* Build configuration list for PBXAggregateTarget "BurmeseIMEInstaller" */;
			buildPhases = (
				AA5555555555555555555500 /* Build installer pkg */,
			);
			dependencies = (
				AADD00000000000000000000 /* PBXTargetDependency */,
				AADD00000000000000000001 /* PBXTargetDependency */,
			);
			name = BurmeseIMEInstaller;
			productName = BurmeseIMEInstaller;
		};
/* End PBXAggregateTarget section */

/* Begin PBXBuildFile section */
		AA44444444444444444444D0 /* main.swift in Sources (ime) */ = {isa = PBXBuildFile; fileRef = AA33333333333333333333D0 /* main.swift */; };
		AA44444444444444444444AC /* BurmeseInputController.swift in Sources (ime) */ = {isa = PBXBuildFile; fileRef = AA33333333333333333333AE /* BurmeseInputController.swift */; };
		AA44444444444444444444AD /* BurmeseIMECore in Frameworks (ime) */ = {isa = PBXBuildFile; productRef = AA77777777777777777777AB /* BurmeseIMECore */; };
		AA44444444444444444444B0 /* InputMethodKit.framework in Frameworks (ime) */ = {isa = PBXBuildFile; fileRef = AA33333333333333333333B3 /* InputMethodKit.framework */; };
		AA44444444444444444444B2 /* BurmeseIMEIcon.tiff in Resources (ime) */ = {isa = PBXBuildFile; fileRef = AA33333333333333333333B4 /* BurmeseIMEIcon.tiff */; };
		AA44444444444444444444B5 /* BurmeseIMEIcon.icns in Resources (ime) */ = {isa = PBXBuildFile; fileRef = AA33333333333333333333D2 /* BurmeseIMEIcon.icns */; };
		AA44444444444444444444B4 /* InfoPlist.strings in Resources (ime) */ = {isa = PBXBuildFile; fileRef = AA33333333333333333333B5 /* InfoPlist.strings */; };
		AA44444444444444444444B7 /* BurmeseLexicon.sqlite in Resources (ime) */ = {isa = PBXBuildFile; fileRef = AA33333333333333333333B8 /* BurmeseLexicon.sqlite */; };
		BE44444444444444444444B9 /* BurmeseLM.bin in Resources (ime) */ = {isa = PBXBuildFile; fileRef = BE33333333333333333333B9 /* BurmeseLM.bin */; };

		AA44444444444444444444D1 /* BurmeseIMEPreferences.swift in Sources (prefs) */ = {isa = PBXBuildFile; fileRef = AA33333333333333333333D1 /* BurmeseIMEPreferences.swift */; };
		AA44444444444444444444AB /* ContentView.swift in Sources (prefs) */ = {isa = PBXBuildFile; fileRef = AA33333333333333333333AD /* ContentView.swift */; };
		AA44444444444444444444C0 /* IMESettingsViewModel.swift in Sources (prefs) */ = {isa = PBXBuildFile; fileRef = AA33333333333333333333C0 /* IMESettingsViewModel.swift */; };
		AA44444444444444444444C1 /* SyntaxReferenceView.swift in Sources (prefs) */ = {isa = PBXBuildFile; fileRef = AA33333333333333333333C1 /* SyntaxReferenceView.swift */; };
		AA44444444444444444444C2 /* MyanmarToInputView.swift in Sources (prefs) */ = {isa = PBXBuildFile; fileRef = AA33333333333333333333C2 /* MyanmarToInputView.swift */; };
		AA44444444444444444444AE /* BurmeseIMECore in Frameworks (prefs) */ = {isa = PBXBuildFile; productRef = AA77777777777777777777AC /* BurmeseIMECore */; };
		AA44444444444444444444B3 /* BurmeseIMEIcon.tiff in Resources (prefs) */ = {isa = PBXBuildFile; fileRef = AA33333333333333333333B7 /* BurmeseIMEIcon.tiff */; };
		AA44444444444444444444B6 /* BurmeseIMEIcon.icns in Resources (prefs) */ = {isa = PBXBuildFile; fileRef = AA33333333333333333333B6 /* BurmeseIMEIcon.icns */; };
/* End PBXBuildFile section */

/* Begin PBXContainerItemProxy section */
		AAEE00000000000000000000 /* PBXContainerItemProxy */ = {
			isa = PBXContainerItemProxy;
			containerPortal = AA11111111111111111111AA /* Project object */;
			proxyType = 1;
			remoteGlobalIDString = AA66666666666666666666AA;
			remoteInfo = BurmeseIME;
		};
		AAEE00000000000000000001 /* PBXContainerItemProxy */ = {
			isa = PBXContainerItemProxy;
			containerPortal = AA11111111111111111111AA /* Project object */;
			proxyType = 1;
			remoteGlobalIDString = AA66666666666666666666AC;
			remoteInfo = BurmeseIMEPreferences;
		};
/* End PBXContainerItemProxy section */

/* Begin PBXFileReference section */
		AA33333333333333333333AA /* BurmeseIME.app */ = {isa = PBXFileReference; explicitFileType = wrapper.application; includeInIndex = 0; path = BurmeseIME.app; sourceTree = BUILT_PRODUCTS_DIR; };
		AA33333333333333333333CA /* BurmeseIMEPreferences.app */ = {isa = PBXFileReference; explicitFileType = wrapper.application; includeInIndex = 0; path = BurmeseIMEPreferences.app; sourceTree = BUILT_PRODUCTS_DIR; };

		AA33333333333333333333D0 /* main.swift */ = {isa = PBXFileReference; lastKnownFileType = sourcecode.swift; path = main.swift; sourceTree = "<group>"; };
		AA33333333333333333333AE /* BurmeseInputController.swift */ = {isa = PBXFileReference; lastKnownFileType = sourcecode.swift; path = BurmeseInputController.swift; sourceTree = "<group>"; };
		AA33333333333333333333AF /* BurmeseIME-Info.plist */ = {isa = PBXFileReference; lastKnownFileType = text.plist.xml; path = "BurmeseIME-Info.plist"; sourceTree = "<group>"; };
		AA33333333333333333333B1 /* BurmeseIME.entitlements */ = {isa = PBXFileReference; lastKnownFileType = text.plist.entitlements; path = BurmeseIME.entitlements; sourceTree = "<group>"; };
		AA33333333333333333333B4 /* BurmeseIMEIcon.tiff (ime) */ = {isa = PBXFileReference; lastKnownFileType = image.tiff; path = BurmeseIMEIcon.tiff; sourceTree = "<group>"; };
		AA33333333333333333333D2 /* BurmeseIMEIcon.icns (ime) */ = {isa = PBXFileReference; lastKnownFileType = image.icns; path = BurmeseIMEIcon.icns; sourceTree = "<group>"; };
		AA33333333333333333333B5 /* InfoPlist.strings */ = {isa = PBXFileReference; lastKnownFileType = text.plist.strings; name = InfoPlist.strings; path = "en.lproj/InfoPlist.strings"; sourceTree = "<group>"; };
		AA33333333333333333333B8 /* BurmeseLexicon.sqlite */ = {isa = PBXFileReference; lastKnownFileType = file; name = BurmeseLexicon.sqlite; path = ../Data/BurmeseLexicon.sqlite; sourceTree = "<group>"; };
		BE33333333333333333333B9 /* BurmeseLM.bin */ = {isa = PBXFileReference; lastKnownFileType = file; name = BurmeseLM.bin; path = ../Data/BurmeseLM.bin; sourceTree = "<group>"; };

		AA33333333333333333333D1 /* BurmeseIMEPreferences.swift */ = {isa = PBXFileReference; lastKnownFileType = sourcecode.swift; path = BurmeseIMEPreferences.swift; sourceTree = "<group>"; };
		AA33333333333333333333AD /* ContentView.swift */ = {isa = PBXFileReference; lastKnownFileType = sourcecode.swift; path = ContentView.swift; sourceTree = "<group>"; };
		AA33333333333333333333C0 /* IMESettingsViewModel.swift */ = {isa = PBXFileReference; lastKnownFileType = sourcecode.swift; path = IMESettingsViewModel.swift; sourceTree = "<group>"; };
		AA33333333333333333333C1 /* SyntaxReferenceView.swift */ = {isa = PBXFileReference; lastKnownFileType = sourcecode.swift; path = SyntaxReferenceView.swift; sourceTree = "<group>"; };
		AA33333333333333333333C2 /* MyanmarToInputView.swift */ = {isa = PBXFileReference; lastKnownFileType = sourcecode.swift; path = MyanmarToInputView.swift; sourceTree = "<group>"; };
		AA33333333333333333333B0 /* BurmeseIMEPreferences-Info.plist */ = {isa = PBXFileReference; lastKnownFileType = text.plist.xml; path = "BurmeseIMEPreferences-Info.plist"; sourceTree = "<group>"; };
		AA33333333333333333333B2 /* BurmeseIMEPreferences.entitlements */ = {isa = PBXFileReference; lastKnownFileType = text.plist.entitlements; path = BurmeseIMEPreferences.entitlements; sourceTree = "<group>"; };
		AA33333333333333333333B7 /* BurmeseIMEIcon.tiff (prefs) */ = {isa = PBXFileReference; lastKnownFileType = image.tiff; path = BurmeseIMEIcon.tiff; sourceTree = "<group>"; };
		AA33333333333333333333B6 /* BurmeseIMEIcon.icns (prefs) */ = {isa = PBXFileReference; lastKnownFileType = image.icns; path = BurmeseIMEIcon.icns; sourceTree = "<group>"; };

		AA33333333333333333333B3 /* InputMethodKit.framework */ = {isa = PBXFileReference; lastKnownFileType = wrapper.framework; name = InputMethodKit.framework; path = System/Library/Frameworks/InputMethodKit.framework; sourceTree = SDKROOT; };
/* End PBXFileReference section */

/* Begin PBXFrameworksBuildPhase section */
		AA55555555555555555555AB /* Frameworks */ = {
			isa = PBXFrameworksBuildPhase;
			buildActionMask = 2147483647;
			files = (
				AA44444444444444444444AD /* BurmeseIMECore in Frameworks (ime) */,
				AA44444444444444444444B0 /* InputMethodKit.framework in Frameworks (ime) */,
			);
			runOnlyForDeploymentPostprocessing = 0;
		};
		AA55555555555555555555AC /* Frameworks */ = {
			isa = PBXFrameworksBuildPhase;
			buildActionMask = 2147483647;
			files = (
				AA44444444444444444444AE /* BurmeseIMECore in Frameworks (prefs) */,
			);
			runOnlyForDeploymentPostprocessing = 0;
		};
/* End PBXFrameworksBuildPhase section */

/* Begin PBXGroup section */
		AA22222222222222222222AA = {
			isa = PBXGroup;
			children = (
				AA22222222222222222222AC /* BurmeseIME */,
				AA22222222222222222222AE /* BurmeseIMEPreferences */,
				AA22222222222222222222AB /* Products */,
			);
			sourceTree = "<group>";
		};
		AA22222222222222222222AB /* Products */ = {
			isa = PBXGroup;
			children = (
				AA33333333333333333333AA /* BurmeseIME.app */,
				AA33333333333333333333CA /* BurmeseIMEPreferences.app */,
			);
			name = Products;
			sourceTree = "<group>";
		};
		AA22222222222222222222AC /* BurmeseIME */ = {
			isa = PBXGroup;
			children = (
				AA33333333333333333333D0 /* main.swift */,
				AA33333333333333333333AE /* BurmeseInputController.swift */,
				AA33333333333333333333AF /* BurmeseIME-Info.plist */,
				AA33333333333333333333B1 /* BurmeseIME.entitlements */,
				AA33333333333333333333B5 /* InfoPlist.strings */,
				AA33333333333333333333D2 /* BurmeseIMEIcon.icns (ime) */,
				AA33333333333333333333B4 /* BurmeseIMEIcon.tiff (ime) */,
				AA33333333333333333333B8 /* BurmeseLexicon.sqlite */,
				BE33333333333333333333B9 /* BurmeseLM.bin */,
			);
			path = BurmeseIME;
			sourceTree = "<group>";
		};
		AA22222222222222222222AE /* BurmeseIMEPreferences */ = {
			isa = PBXGroup;
			children = (
				AA33333333333333333333D1 /* BurmeseIMEPreferences.swift */,
				AA33333333333333333333AD /* ContentView.swift */,
				AA33333333333333333333C0 /* IMESettingsViewModel.swift */,
				AA33333333333333333333C1 /* SyntaxReferenceView.swift */,
				AA33333333333333333333C2 /* MyanmarToInputView.swift */,
				AA33333333333333333333B0 /* BurmeseIMEPreferences-Info.plist */,
				AA33333333333333333333B2 /* BurmeseIMEPreferences.entitlements */,
				AA33333333333333333333B6 /* BurmeseIMEIcon.icns (prefs) */,
				AA33333333333333333333B7 /* BurmeseIMEIcon.tiff (prefs) */,
			);
			path = BurmeseIMEPreferences;
			sourceTree = "<group>";
		};
/* End PBXGroup section */

/* Begin PBXNativeTarget section */
		AA66666666666666666666AA /* BurmeseIME */ = {
			isa = PBXNativeTarget;
			buildConfigurationList = AA99999999999999999999AB /* Build configuration list for PBXNativeTarget "BurmeseIME" */;
			buildPhases = (
				AA55555555555555555555AA /* Sources */,
				AA55555555555555555555AB /* Frameworks */,
				AA55555555555555555555B0 /* Resources */,
			);
			buildRules = (
			);
			dependencies = (
			);
			name = BurmeseIME;
			packageProductDependencies = (
				AA77777777777777777777AB /* BurmeseIMECore */,
			);
			productName = BurmeseIME;
			productReference = AA33333333333333333333AA /* BurmeseIME.app */;
			productType = "com.apple.product-type.application";
		};
		AA66666666666666666666AC /* BurmeseIMEPreferences */ = {
			isa = PBXNativeTarget;
			buildConfigurationList = AA99999999999999999999AC /* Build configuration list for PBXNativeTarget "BurmeseIMEPreferences" */;
			buildPhases = (
				AA55555555555555555555AE /* Sources */,
				AA55555555555555555555AC /* Frameworks */,
				AA55555555555555555555AF /* Resources */,
			);
			buildRules = (
			);
			dependencies = (
			);
			name = BurmeseIMEPreferences;
			packageProductDependencies = (
				AA77777777777777777777AC /* BurmeseIMECore */,
			);
			productName = BurmeseIMEPreferences;
			productReference = AA33333333333333333333CA /* BurmeseIMEPreferences.app */;
			productType = "com.apple.product-type.application";
		};
/* End PBXNativeTarget section */

/* Begin PBXProject section */
		AA11111111111111111111AA /* Project object */ = {
			isa = PBXProject;
			attributes = {
				BuildIndependentTargetsInParallel = 1;
				LastSwiftUpdateCheck = 1600;
				LastUpgradeCheck = 1600;
				TargetAttributes = {
					AA66666666666666666666AA = {
						CreatedOnToolsVersion = 16.0;
					};
					AA66666666666666666666AC = {
						CreatedOnToolsVersion = 16.0;
					};
				};
			};
			buildConfigurationList = AA99999999999999999999AA /* Build configuration list for PBXProject "BurmeseIMEApp" */;
			compatibilityVersion = "Xcode 14.0";
			developmentRegion = en;
			hasScannedForEncodings = 0;
			knownRegions = (
				en,
				Base,
			);
			mainGroup = AA22222222222222222222AA;
			packageReferences = (
				AA77777777777777777777AA /* XCLocalSwiftPackageReference "../../Packages/BurmeseIMECore" */,
			);
			productRefGroup = AA22222222222222222222AB /* Products */;
			projectDirPath = "";
			projectRoot = "";
			targets = (
				AA66666666666666666666AA /* BurmeseIME */,
				AA66666666666666666666AC /* BurmeseIMEPreferences */,
				AA66666666666666666666AD /* BurmeseIMEInstaller */,
			);
		};
/* End PBXProject section */

/* Begin PBXResourcesBuildPhase section */
		AA55555555555555555555B0 /* Resources */ = {
			isa = PBXResourcesBuildPhase;
			buildActionMask = 2147483647;
			files = (
				AA44444444444444444444B2 /* BurmeseIMEIcon.tiff in Resources (ime) */,
				AA44444444444444444444B5 /* BurmeseIMEIcon.icns in Resources (ime) */,
				AA44444444444444444444B4 /* InfoPlist.strings in Resources (ime) */,
				AA44444444444444444444B7 /* BurmeseLexicon.sqlite in Resources (ime) */,
				BE44444444444444444444B9 /* BurmeseLM.bin in Resources (ime) */,
			);
			runOnlyForDeploymentPostprocessing = 0;
		};
		AA55555555555555555555AF /* Resources */ = {
			isa = PBXResourcesBuildPhase;
			buildActionMask = 2147483647;
			files = (
				AA44444444444444444444B3 /* BurmeseIMEIcon.tiff in Resources (prefs) */,
				AA44444444444444444444B6 /* BurmeseIMEIcon.icns in Resources (prefs) */,
			);
			runOnlyForDeploymentPostprocessing = 0;
		};
/* End PBXResourcesBuildPhase section */

/* Begin PBXShellScriptBuildPhase section */
		AA5555555555555555555500 /* Build installer pkg */ = {
			isa = PBXShellScriptBuildPhase;
			alwaysOutOfDate = 1;
			buildActionMask = 2147483647;
			files = (
			);
			inputFileListPaths = (
			);
			inputPaths = (
			);
			name = "Build installer pkg";
			outputFileListPaths = (
			);
			outputPaths = (
			);
			runOnlyForDeploymentPostprocessing = 0;
			shellPath = /bin/bash;
			shellScript = "set -euo pipefail\n\nSTAGING=\"${DERIVED_FILE_DIR}/installer-staging\"\nPAYLOAD=\"${STAGING}/private/tmp/BurmeseIME-payload\"\nAPPS=\"${STAGING}/Applications\"\nOUT_DIR=\"${SRCROOT}/build\"\nOUT_PKG=\"${OUT_DIR}/BurmeseIME-Install.pkg\"\n\nIME_BUILT=\"${BUILT_PRODUCTS_DIR}/BurmeseIME.app\"\nPREFS_BUILT=\"${BUILT_PRODUCTS_DIR}/BurmeseIMEPreferences.app\"\n\nif [ ! -d \"${IME_BUILT}\" ]; then\n    echo \"error: ${IME_BUILT} not found — aggregate target must build after BurmeseIME\" >&2\n    exit 1\nfi\nif [ ! -d \"${PREFS_BUILT}\" ]; then\n    echo \"error: ${PREFS_BUILT} not found — aggregate target must build after BurmeseIMEPreferences\" >&2\n    exit 1\nfi\n\nrm -rf \"${STAGING}\"\nmkdir -p \"${PAYLOAD}\" \"${APPS}\" \"${OUT_DIR}\"\n\n/usr/bin/ditto \"${IME_BUILT}\" \"${PAYLOAD}/BurmeseIME.app\"\n/usr/bin/ditto \"${PREFS_BUILT}\" \"${APPS}/BurmeseIMEPreferences.app\"\n\nVERSION=\"${MARKETING_VERSION:-0.1.0}\"\n\n/usr/bin/pkgbuild \\\n    --root \"${STAGING}\" \\\n    --identifier com.myangler.inputmethod.burmese.installer \\\n    --version \"${VERSION}\" \\\n    --install-location / \\\n    --scripts \"${SRCROOT}/installer/scripts\" \\\n    \"${OUT_PKG}\"\n\necho \"note: built ${OUT_PKG}\"\n";
		};
/* End PBXShellScriptBuildPhase section */

/* Begin PBXSourcesBuildPhase section */
		AA55555555555555555555AA /* Sources */ = {
			isa = PBXSourcesBuildPhase;
			buildActionMask = 2147483647;
			files = (
				AA44444444444444444444D0 /* main.swift in Sources (ime) */,
				AA44444444444444444444AC /* BurmeseInputController.swift in Sources (ime) */,
			);
			runOnlyForDeploymentPostprocessing = 0;
		};
		AA55555555555555555555AE /* Sources */ = {
			isa = PBXSourcesBuildPhase;
			buildActionMask = 2147483647;
			files = (
				AA44444444444444444444D1 /* BurmeseIMEPreferences.swift in Sources (prefs) */,
				AA44444444444444444444AB /* ContentView.swift in Sources (prefs) */,
				AA44444444444444444444C0 /* IMESettingsViewModel.swift in Sources (prefs) */,
				AA44444444444444444444C1 /* SyntaxReferenceView.swift in Sources (prefs) */,
				AA44444444444444444444C2 /* MyanmarToInputView.swift in Sources (prefs) */,
			);
			runOnlyForDeploymentPostprocessing = 0;
		};
/* End PBXSourcesBuildPhase section */

/* Begin PBXTargetDependency section */
		AADD00000000000000000000 /* PBXTargetDependency */ = {
			isa = PBXTargetDependency;
			target = AA66666666666666666666AA /* BurmeseIME */;
			targetProxy = AAEE00000000000000000000 /* PBXContainerItemProxy */;
		};
		AADD00000000000000000001 /* PBXTargetDependency */ = {
			isa = PBXTargetDependency;
			target = AA66666666666666666666AC /* BurmeseIMEPreferences */;
			targetProxy = AAEE00000000000000000001 /* PBXContainerItemProxy */;
		};
/* End PBXTargetDependency section */

/* Begin XCBuildConfiguration section */
		AA88888888888888888888AA /* Debug */ = {
			isa = XCBuildConfiguration;
			buildSettings = {
				ALWAYS_SEARCH_USER_PATHS = NO;
				ASSETCATALOG_COMPILER_GENERATE_SWIFT_ASSET_SYMBOL_EXTENSIONS = YES;
				CLANG_ANALYZER_NONNULL = YES;
				CLANG_ANALYZER_NUMBER_OBJECT_CONVERSION = YES_AGGRESSIVE;
				CLANG_CXX_LANGUAGE_STANDARD = "gnu++20";
				CLANG_ENABLE_MODULES = YES;
				CLANG_ENABLE_OBJC_ARC = YES;
				CLANG_ENABLE_OBJC_WEAK = YES;
				CLANG_WARN_BLOCK_CAPTURE_AUTORELEASING = YES;
				CLANG_WARN_BOOL_CONVERSION = YES;
				CLANG_WARN_COMMA = YES;
				CLANG_WARN_CONSTANT_CONVERSION = YES;
				CLANG_WARN_DEPRECATED_OBJC_IMPLEMENTATIONS = YES;
				CLANG_WARN_DIRECT_OBJC_ISA_USAGE = YES_ERROR;
				CLANG_WARN_DOCUMENTATION_COMMENTS = YES;
				CLANG_WARN_EMPTY_BODY = YES;
				CLANG_WARN_ENUM_CONVERSION = YES;
				CLANG_WARN_INFINITE_RECURSION = YES;
				CLANG_WARN_INT_CONVERSION = YES;
				CLANG_WARN_NON_LITERAL_NULL_CONVERSION = YES;
				CLANG_WARN_OBJC_IMPLICIT_RETAIN_SELF = YES;
				CLANG_WARN_OBJC_LITERAL_CONVERSION = YES;
				CLANG_WARN_OBJC_ROOT_CLASS = YES_ERROR;
				CLANG_WARN_QUOTED_INCLUDE_IN_FRAMEWORK_HEADER = YES;
				CLANG_WARN_RANGE_LOOP_ANALYSIS = YES;
				CLANG_WARN_STRICT_PROTOTYPES = YES;
				CLANG_WARN_SUSPICIOUS_MOVE = YES;
				CLANG_WARN_UNGUARDED_AVAILABILITY = YES_AGGRESSIVE;
				CLANG_WARN_UNREACHABLE_CODE = YES;
				CLANG_WARN__DUPLICATE_METHOD_MATCH = YES;
				COPY_PHASE_STRIP = NO;
				DEBUG_INFORMATION_FORMAT = dwarf;
				ENABLE_STRICT_OBJC_MSGSEND = YES;
				ENABLE_TESTABILITY = YES;
				ENABLE_USER_SCRIPT_SANDBOXING = YES;
				GCC_C_LANGUAGE_STANDARD = gnu17;
				GCC_DYNAMIC_NO_PIC = NO;
				GCC_NO_COMMON_BLOCKS = YES;
				GCC_OPTIMIZATION_LEVEL = 0;
				GCC_PREPROCESSOR_DEFINITIONS = (
					"DEBUG=1",
					"$(inherited)",
				);
				GCC_WARN_64_TO_32_BIT_CONVERSION = YES;
				GCC_WARN_ABOUT_RETURN_TYPE = YES_ERROR;
				GCC_WARN_UNDECLARED_SELECTOR = YES;
				GCC_WARN_UNINITIALIZED_AUTOS = YES_AGGRESSIVE;
				GCC_WARN_UNUSED_FUNCTION = YES;
				GCC_WARN_UNUSED_VARIABLE = YES;
				LOCALIZATION_PREFERS_STRING_CATALOGS = YES;
				MACOSX_DEPLOYMENT_TARGET = 14.0;
				MTL_ENABLE_DEBUG_INFO = INCLUDE_SOURCE;
				MTL_FAST_MATH = YES;
				ONLY_ACTIVE_ARCH = YES;
				SDKROOT = macosx;
				SWIFT_ACTIVE_COMPILATION_CONDITIONS = "DEBUG $(inherited)";
				SWIFT_OPTIMIZATION_LEVEL = "-Onone";
			};
			name = Debug;
		};
		AA88888888888888888888AB /* Release */ = {
			isa = XCBuildConfiguration;
			buildSettings = {
				ALWAYS_SEARCH_USER_PATHS = NO;
				ASSETCATALOG_COMPILER_GENERATE_SWIFT_ASSET_SYMBOL_EXTENSIONS = YES;
				CLANG_ANALYZER_NONNULL = YES;
				CLANG_ANALYZER_NUMBER_OBJECT_CONVERSION = YES_AGGRESSIVE;
				CLANG_CXX_LANGUAGE_STANDARD = "gnu++20";
				CLANG_ENABLE_MODULES = YES;
				CLANG_ENABLE_OBJC_ARC = YES;
				CLANG_ENABLE_OBJC_WEAK = YES;
				CLANG_WARN_BLOCK_CAPTURE_AUTORELEASING = YES;
				CLANG_WARN_BOOL_CONVERSION = YES;
				CLANG_WARN_COMMA = YES;
				CLANG_WARN_CONSTANT_CONVERSION = YES;
				CLANG_WARN_DEPRECATED_OBJC_IMPLEMENTATIONS = YES;
				CLANG_WARN_DIRECT_OBJC_ISA_USAGE = YES_ERROR;
				CLANG_WARN_DOCUMENTATION_COMMENTS = YES;
				CLANG_WARN_EMPTY_BODY = YES;
				CLANG_WARN_ENUM_CONVERSION = YES;
				CLANG_WARN_INFINITE_RECURSION = YES;
				CLANG_WARN_INT_CONVERSION = YES;
				CLANG_WARN_NON_LITERAL_NULL_CONVERSION = YES;
				CLANG_WARN_OBJC_IMPLICIT_RETAIN_SELF = YES;
				CLANG_WARN_OBJC_LITERAL_CONVERSION = YES;
				CLANG_WARN_OBJC_ROOT_CLASS = YES_ERROR;
				CLANG_WARN_QUOTED_INCLUDE_IN_FRAMEWORK_HEADER = YES;
				CLANG_WARN_RANGE_LOOP_ANALYSIS = YES;
				CLANG_WARN_STRICT_PROTOTYPES = YES;
				CLANG_WARN_SUSPICIOUS_MOVE = YES;
				CLANG_WARN_UNGUARDED_AVAILABILITY = YES_AGGRESSIVE;
				CLANG_WARN_UNREACHABLE_CODE = YES;
				CLANG_WARN__DUPLICATE_METHOD_MATCH = YES;
				COPY_PHASE_STRIP = NO;
				DEBUG_INFORMATION_FORMAT = "dwarf-with-dsym";
				ENABLE_NS_ASSERTIONS = NO;
				ENABLE_STRICT_OBJC_MSGSEND = YES;
				ENABLE_USER_SCRIPT_SANDBOXING = YES;
				GCC_C_LANGUAGE_STANDARD = gnu17;
				GCC_NO_COMMON_BLOCKS = YES;
				GCC_WARN_64_TO_32_BIT_CONVERSION = YES;
				GCC_WARN_ABOUT_RETURN_TYPE = YES_ERROR;
				GCC_WARN_UNDECLARED_SELECTOR = YES;
				GCC_WARN_UNINITIALIZED_AUTOS = YES_AGGRESSIVE;
				GCC_WARN_UNUSED_FUNCTION = YES;
				GCC_WARN_UNUSED_VARIABLE = YES;
				LOCALIZATION_PREFERS_STRING_CATALOGS = YES;
				MACOSX_DEPLOYMENT_TARGET = 14.0;
				MTL_FAST_MATH = YES;
				SDKROOT = macosx;
				SWIFT_COMPILATION_MODE = wholemodule;
				SWIFT_OPTIMIZATION_LEVEL = "-O";
			};
			name = Release;
		};
		AA88888888888888888888AC /* Debug */ = {
			isa = XCBuildConfiguration;
			buildSettings = {
				ASSETCATALOG_COMPILER_GLOBAL_ACCENT_COLOR_NAME = AccentColor;
				CODE_SIGN_ENTITLEMENTS = BurmeseIME/BurmeseIME.entitlements;
				CODE_SIGN_INJECT_BASE_ENTITLEMENTS = NO;
				CODE_SIGN_STYLE = Automatic;
				COMBINE_HIDPI_IMAGES = YES;
				CURRENT_PROJECT_VERSION = 1;
				DEVELOPMENT_TEAM = X56TW88V5S;
				ENABLE_DEBUG_DYLIB = NO;
				GENERATE_INFOPLIST_FILE = NO;
				INFOPLIST_FILE = "BurmeseIME/BurmeseIME-Info.plist";
				INFOPLIST_KEY_NSHumanReadableCopyright = "";
				LD_RUNPATH_SEARCH_PATHS = (
					"$(inherited)",
					"@executable_path/../Frameworks",
				);
				MACOSX_DEPLOYMENT_TARGET = 14.0;
				MARKETING_VERSION = 1.0;
				PRODUCT_BUNDLE_IDENTIFIER = com.myangler.inputmethod.burmese;
				PRODUCT_NAME = "$(TARGET_NAME)";
				SDKROOT = macosx;
				SWIFT_EMIT_LOC_STRINGS = YES;
				SWIFT_VERSION = 5.0;
			};
			name = Debug;
		};
		AA88888888888888888888AD /* Release */ = {
			isa = XCBuildConfiguration;
			buildSettings = {
				ASSETCATALOG_COMPILER_GLOBAL_ACCENT_COLOR_NAME = AccentColor;
				CODE_SIGN_ENTITLEMENTS = BurmeseIME/BurmeseIME.entitlements;
				CODE_SIGN_INJECT_BASE_ENTITLEMENTS = NO;
				CODE_SIGN_STYLE = Automatic;
				COMBINE_HIDPI_IMAGES = YES;
				CURRENT_PROJECT_VERSION = 1;
				DEVELOPMENT_TEAM = X56TW88V5S;
				ENABLE_DEBUG_DYLIB = NO;
				GENERATE_INFOPLIST_FILE = NO;
				INFOPLIST_FILE = "BurmeseIME/BurmeseIME-Info.plist";
				INFOPLIST_KEY_NSHumanReadableCopyright = "";
				LD_RUNPATH_SEARCH_PATHS = (
					"$(inherited)",
					"@executable_path/../Frameworks",
				);
				MACOSX_DEPLOYMENT_TARGET = 14.0;
				MARKETING_VERSION = 1.0;
				PRODUCT_BUNDLE_IDENTIFIER = com.myangler.inputmethod.burmese;
				PRODUCT_NAME = "$(TARGET_NAME)";
				SDKROOT = macosx;
				SWIFT_EMIT_LOC_STRINGS = YES;
				SWIFT_VERSION = 5.0;
			};
			name = Release;
		};
		AA88888888888888888888AE /* Debug */ = {
			isa = XCBuildConfiguration;
			buildSettings = {
				ASSETCATALOG_COMPILER_GLOBAL_ACCENT_COLOR_NAME = AccentColor;
				CODE_SIGN_ENTITLEMENTS = BurmeseIMEPreferences/BurmeseIMEPreferences.entitlements;
				CODE_SIGN_INJECT_BASE_ENTITLEMENTS = NO;
				CODE_SIGN_STYLE = Automatic;
				COMBINE_HIDPI_IMAGES = YES;
				CURRENT_PROJECT_VERSION = 1;
				DEVELOPMENT_TEAM = X56TW88V5S;
				ENABLE_DEBUG_DYLIB = NO;
				GENERATE_INFOPLIST_FILE = NO;
				INFOPLIST_FILE = "BurmeseIMEPreferences/BurmeseIMEPreferences-Info.plist";
				INFOPLIST_KEY_NSHumanReadableCopyright = "";
				LD_RUNPATH_SEARCH_PATHS = (
					"$(inherited)",
					"@executable_path/../Frameworks",
				);
				MACOSX_DEPLOYMENT_TARGET = 14.0;
				MARKETING_VERSION = 1.0;
				PRODUCT_BUNDLE_IDENTIFIER = com.myangler.inputmethod.burmese.preferences;
				PRODUCT_NAME = "$(TARGET_NAME)";
				SDKROOT = macosx;
				SWIFT_EMIT_LOC_STRINGS = YES;
				SWIFT_VERSION = 5.0;
			};
			name = Debug;
		};
		AA88888888888888888888AF /* Release */ = {
			isa = XCBuildConfiguration;
			buildSettings = {
				ASSETCATALOG_COMPILER_GLOBAL_ACCENT_COLOR_NAME = AccentColor;
				CODE_SIGN_ENTITLEMENTS = BurmeseIMEPreferences/BurmeseIMEPreferences.entitlements;
				CODE_SIGN_INJECT_BASE_ENTITLEMENTS = NO;
				CODE_SIGN_STYLE = Automatic;
				COMBINE_HIDPI_IMAGES = YES;
				CURRENT_PROJECT_VERSION = 1;
				DEVELOPMENT_TEAM = X56TW88V5S;
				ENABLE_DEBUG_DYLIB = NO;
				GENERATE_INFOPLIST_FILE = NO;
				INFOPLIST_FILE = "BurmeseIMEPreferences/BurmeseIMEPreferences-Info.plist";
				INFOPLIST_KEY_NSHumanReadableCopyright = "";
				LD_RUNPATH_SEARCH_PATHS = (
					"$(inherited)",
					"@executable_path/../Frameworks",
				);
				MACOSX_DEPLOYMENT_TARGET = 14.0;
				MARKETING_VERSION = 1.0;
				PRODUCT_BUNDLE_IDENTIFIER = com.myangler.inputmethod.burmese.preferences;
				PRODUCT_NAME = "$(TARGET_NAME)";
				SDKROOT = macosx;
				SWIFT_EMIT_LOC_STRINGS = YES;
				SWIFT_VERSION = 5.0;
			};
			name = Release;
		};
		AA8888888888888888888800 /* Debug */ = {
			isa = XCBuildConfiguration;
			buildSettings = {
				ENABLE_USER_SCRIPT_SANDBOXING = NO;
				PRODUCT_NAME = "$(TARGET_NAME)";
			};
			name = Debug;
		};
		AA8888888888888888888801 /* Release */ = {
			isa = XCBuildConfiguration;
			buildSettings = {
				ENABLE_USER_SCRIPT_SANDBOXING = NO;
				PRODUCT_NAME = "$(TARGET_NAME)";
			};
			name = Release;
		};
/* End XCBuildConfiguration section */

/* Begin XCConfigurationList section */
		AA99999999999999999999AA /* Build configuration list for PBXProject "BurmeseIMEApp" */ = {
			isa = XCConfigurationList;
			buildConfigurations = (
				AA88888888888888888888AA /* Debug */,
				AA88888888888888888888AB /* Release */,
			);
			defaultConfigurationIsVisible = 0;
			defaultConfigurationName = Release;
		};
		AA99999999999999999999AB /* Build configuration list for PBXNativeTarget "BurmeseIME" */ = {
			isa = XCConfigurationList;
			buildConfigurations = (
				AA88888888888888888888AC /* Debug */,
				AA88888888888888888888AD /* Release */,
			);
			defaultConfigurationIsVisible = 0;
			defaultConfigurationName = Release;
		};
		AA99999999999999999999AC /* Build configuration list for PBXNativeTarget "BurmeseIMEPreferences" */ = {
			isa = XCConfigurationList;
			buildConfigurations = (
				AA88888888888888888888AE /* Debug */,
				AA88888888888888888888AF /* Release */,
			);
			defaultConfigurationIsVisible = 0;
			defaultConfigurationName = Release;
		};
		AA99999999999999999999AD /* Build configuration list for PBXAggregateTarget "BurmeseIMEInstaller" */ = {
			isa = XCConfigurationList;
			buildConfigurations = (
				AA8888888888888888888800 /* Debug */,
				AA8888888888888888888801 /* Release */,
			);
			defaultConfigurationIsVisible = 0;
			defaultConfigurationName = Release;
		};
/* End XCConfigurationList section */

/* Begin XCLocalSwiftPackageReference section */
		AA77777777777777777777AA /* XCLocalSwiftPackageReference "../../Packages/BurmeseIMECore" */ = {
			isa = XCLocalSwiftPackageReference;
			relativePath = ../../Packages/BurmeseIMECore;
		};
/* End XCLocalSwiftPackageReference section */

/* Begin XCSwiftPackageProductDependency section */
		AA77777777777777777777AB /* BurmeseIMECore */ = {
			isa = XCSwiftPackageProductDependency;
			package = AA77777777777777777777AA /* XCLocalSwiftPackageReference "../../Packages/BurmeseIMECore" */;
			productName = BurmeseIMECore;
		};
		AA77777777777777777777AC /* BurmeseIMECore */ = {
			isa = XCSwiftPackageProductDependency;
			package = AA77777777777777777777AA /* XCLocalSwiftPackageReference "../../Packages/BurmeseIMECore" */;
			productName = BurmeseIMECore;
		};
/* End XCSwiftPackageProductDependency section */
	};
	rootObject = AA11111111111111111111AA /* Project object */;
}
